
Microsoft Visual Studio Solution File, Format Version 12.00
# Visual Studio 15
VisualStudioVersion = 15.0.28307.1525
MinimumVisualStudioVersion = 10.0.40219.1
Project("{FAE04EC0-301F-11D3-BF4B-00C04F79EFBC}") = "LearnCSharp", "LearnCSharp\LearnCSharp.csproj", "{449223B4-A6FB-4A76-AAF6-66FFCAEF8F0E}"
EndProject
Project("{FAE04EC0-301F-11D3-BF4B-00C04F79EFBC}") = "DesignPatterns", "DesignPatterns\DesignPatterns.csproj", "{AECF7295-DDD1-43BC-B3BC-DC267EE2C64C}"
EndProject
Project("{FAE04EC0-301F-11D3-BF4B-00C04F79EFBC}") = "DependencyInjectionExample", "DependencyInjectionExample\DependencyInjectionExample.csproj", "{DABDFA9E-869E-4BF4-896A-DBFA1401BCCE}"
EndProject
Project("{FAE04EC0-301F-11D3-BF4B-00C04F79EFBC}") = "WingTrac", "WingTracIntegration\WingTrac.csproj", "{DFD45D3A-7FCE-4CC4-BE01-9E16560CCF6E}"
EndProject
Project("{FAE04EC0-301F-11D3-BF4B-00C04F79EFBC}") = "UnitTesting", "UnitTesting\UnitTesting.csproj", "{5CC381C3-698C-4E68-93DE-2E1F98E08662}"
EndProject
Global
	GlobalSection(SolutionConfigurationPlatforms) = preSolution
		Debug|Any CPU = Debug|Any CPU
		Release|Any CPU = Release|Any CPU
	EndGlobalSection
	GlobalSection(ProjectConfigurationPlatforms) = postSolution
		{449223B4-A6FB-4A76-AAF6-66FFCAEF8F0E}.Debug|Any CPU.ActiveCfg = Debug|Any CPU
		{449223B4-A6FB-4A76-AAF6-66FFCAEF8F0E}.Debug|Any CPU.Build.0 = Debug|Any CPU
		{449223B4-A6FB-4A76-AAF6-66FFCAEF8F0E}.Release|Any CPU.ActiveCfg = Release|Any CPU
		{449223B4-A6FB-4A76-AAF6-66FFCAEF8F0E}.Release|Any CPU.Build.0 = Release|Any CPU
		{AECF7295-DDD1-43BC-B3BC-DC267EE2C64C}.Debug|Any CPU.ActiveCfg = Debug|Any CPU
		{AECF7295-DDD1-43BC-B3BC-DC267EE2C64C}.Debug|Any CPU.Build.0 = Debug|Any CPU
		{AECF7295-DDD1-43BC-B3BC-DC267EE2C64C}.Release|Any CPU.ActiveCfg = Release|Any CPU
		{AECF7295-DDD1-43BC-B3BC-DC267EE2C64C}.Release|Any CPU.Build.0 = Release|Any CPU
		{DABDFA9E-869E-4BF4-896A-DBFA1401BCCE}.Debug|Any CPU.ActiveCfg = Debug|Any CPU
		{DABDFA9E-869E-4BF4-896A-DBFA1401BCCE}.Debug|Any CPU.Build.0 = Debug|Any CPU
		{DABDFA9E-869E-4BF4-896A-DBFA1401BCCE}.Release|Any CPU.ActiveCfg = Release|Any CPU
		{DABDFA9E-869E-4BF4-896A-DBFA1401BCCE}.Release|Any CPU.Build.0 = Release|Any CPU
		{DFD45D3A-7FCE-4CC4-BE01-9E16560CCF6E}.Debug|Any CPU.ActiveCfg = Debug|Any CPU
		{DFD45D3A-7FCE-4CC4-BE01-9E16560CCF6E}.Debug|Any CPU.Build.0 = Debug|Any CPU
		{DFD45D3A-7FCE-4CC4-BE01-9E16560CCF6E}.Release|Any CPU.ActiveCfg = Release|Any CPU
		{DFD45D3A-7FCE-4CC4-BE01-9E16560CCF6E}.Release|Any CPU.Build.0 = Release|Any CPU
		{5CC381C3-698C-4E68-93DE-2E1F98E08662}.Debug|Any CPU.ActiveCfg = Debug|Any CPU
		{5CC381C3-698C-4E68-93DE-2E1F98E08662}.Debug|Any CPU.Build.0 = Debug|Any CPU
		{5CC381C3-698C-4E68-93DE-2E1F98E08662}.Release|Any CPU.ActiveCfg = Release|Any CPU
		{5CC381C3-698C-4E68-93DE-2E1F98E08662}.Release|Any CPU.Build.0 = Release|Any CPU
	EndGlobalSection
	GlobalSection(SolutionProperties) = preSolution
		HideSolutionNode = FALSE
	EndGlobalSection
	GlobalSection(ExtensibilityGlobals) = postSolution
		SolutionGuid = {B4B10BA4-ED83-4E97-9047-A0648BF4BACC}
	EndGlobalSection
EndGlobal
